
Microsoft Visual Studio Solution File, Format Version 12.00
# Visual Studio 15
VisualStudioVersion = 15.0.28307.539
MinimumVisualStudioVersion = 10.0.40219.1
Project("{FAE04EC0-301F-11D3-BF4B-00C04F79EFBC}") = "SpyStore.DAL", "SpyStore.DAL\SpyStore.DAL.csproj", "{B59F9420-77CA-48D2-BF40-0ECD0BD396BC}"
EndProject
Project("{FAE04EC0-301F-11D3-BF4B-00C04F79EFBC}") = "SpyStore.Models", "SpyStore.Models\SpyStore.Models.csproj", "{30A3A2EA-F839-48FE-B78B-1D79E84F7BF8}"
EndProject
Project("{FAE04EC0-301F-11D3-BF4B-00C04F79EFBC}") = "SpyStore.DAL.Tests", "SpyStore.DAL.Tests\SpyStore.DAL.Tests.csproj", "{9B3053C5-6D2C-4B89-9BC9-89FBD4FB7610}"
EndProject
Global
	GlobalSection(SolutionConfigurationPlatforms) = preSolution
		Debug|Any CPU = Debug|Any CPU
		Release|Any CPU = Release|Any CPU
	EndGlobalSection
	GlobalSection(ProjectConfigurationPlatforms) = postSolution
		{B59F9420-77CA-48D2-BF40-0ECD0BD396BC}.Debug|Any CPU.ActiveCfg = Debug|Any CPU
		{B59F9420-77CA-48D2-BF40-0ECD0BD396BC}.Debug|Any CPU.Build.0 = Debug|Any CPU
		{B59F9420-77CA-48D2-BF40-0ECD0BD396BC}.Release|Any CPU.ActiveCfg = Release|Any CPU
		{B59F9420-77CA-48D2-BF40-0ECD0BD396BC}.Release|Any CPU.Build.0 = Release|Any CPU
		{30A3A2EA-F839-48FE-B78B-1D79E84F7BF8}.Debug|Any CPU.ActiveCfg = Debug|Any CPU
		{30A3A2EA-F839-48FE-B78B-1D79E84F7BF8}.Debug|Any CPU.Build.0 = Debug|Any CPU
		{30A3A2EA-F839-48FE-B78B-1D79E84F7BF8}.Release|Any CPU.ActiveCfg = Release|Any CPU
		{30A3A2EA-F839-48FE-B78B-1D79E84F7BF8}.Release|Any CPU.Build.0 = Release|Any CPU
		{9B3053C5-6D2C-4B89-9BC9-89FBD4FB7610}.Debug|Any CPU.ActiveCfg = Debug|Any CPU
		{9B3053C5-6D2C-4B89-9BC9-89FBD4FB7610}.Debug|Any CPU.Build.0 = Debug|Any CPU
		{9B3053C5-6D2C-4B89-9BC9-89FBD4FB7610}.Release|Any CPU.ActiveCfg = Release|Any CPU
		{9B3053C5-6D2C-4B89-9BC9-89FBD4FB7610}.Release|Any CPU.Build.0 = Release|Any CPU
	EndGlobalSection
	GlobalSection(SolutionProperties) = preSolution
		HideSolutionNode = FALSE
	EndGlobalSection
	GlobalSection(ExtensibilityGlobals) = postSolution
		SolutionGuid = {57A39B03-719B-41AA-863B-AB1F6A62FF9E}
	EndGlobalSection
EndGlobal
